
Microsoft Visual Studio Solution File, Format Version 12.00
# Visual Studio 15
VisualStudioVersion = 15.0.28010.2016
MinimumVisualStudioVersion = 10.0.40219.1
Project("{8BC9CEB8-8B4A-11D0-8D11-00A0C91BC942}") = "WordCount", "WordCount\WordCount.vcxproj", "{589DA65E-7DE4-432B-94CA-C9C670C3C650}"
EndProject
Global
	GlobalSection(SolutionConfigurationPlatforms) = preSolution
		Debug|x64 = Debug|x64
		Debug|x86 = Debug|x86
		Release|x64 = Release|x64
		Release|x86 = Release|x86
	EndGlobalSection
	GlobalSection(ProjectConfigurationPlatforms) = postSolution
		{589DA65E-7DE4-432B-94CA-C9C670C3C650}.Debug|x64.ActiveCfg = Debug|x64
		{589DA65E-7DE4-432B-94CA-C9C670C3C650}.Debug|x64.Build.0 = Debug|x64
		{589DA65E-7DE4-432B-94CA-C9C670C3C650}.Debug|x86.ActiveCfg = Debug|Win32
		{589DA65E-7DE4-432B-94CA-C9C670C3C650}.Debug|x86.Build.0 = Debug|Win32
		{589DA65E-7DE4-432B-94CA-C9C670C3C650}.Release|x64.ActiveCfg = Release|x64
		{589DA65E-7DE4-432B-94CA-C9C670C3C650}.Release|x64.Build.0 = Release|x64
		{589DA65E-7DE4-432B-94CA-C9C670C3C650}.Release|x86.ActiveCfg = Release|Win32
		{589DA65E-7DE4-432B-94CA-C9C670C3C650}.Release|x86.Build.0 = Release|Win32
	EndGlobalSection
	GlobalSection(SolutionProperties) = preSolution
		HideSolutionNode = FALSE
	EndGlobalSection
	GlobalSection(ExtensibilityGlobals) = postSolution
		SolutionGuid = {84DADA56-22C6-4B42-8519-DA24E8D0CE23}
	EndGlobalSection
EndGlobal
