
Microsoft Visual Studio Solution File, Format Version 12.00
# Visual Studio 15
VisualStudioVersion = 15.0.27703.2047
MinimumVisualStudioVersion = 10.0.40219.1
Project("{8BC9CEB8-8B4A-11D0-8D11-00A0C91BC942}") = "WordCount", "WordCount\WordCount.vcxproj", "{AED0FC5E-9D1E-46FF-B2AC-EA72093EF1F2}"
EndProject
Project("{8BC9CEB8-8B4A-11D0-8D11-00A0C91BC942}") = "UnitTest1", "UnitTest1\UnitTest1.vcxproj", "{A77DA6BA-3561-49EA-B396-614B45136412}"
EndProject
Global
	GlobalSection(SolutionConfigurationPlatforms) = preSolution
		Debug|x64 = Debug|x64
		Debug|x86 = Debug|x86
		Release|x64 = Release|x64
		Release|x86 = Release|x86
	EndGlobalSection
	GlobalSection(ProjectConfigurationPlatforms) = postSolution
		{AED0FC5E-9D1E-46FF-B2AC-EA72093EF1F2}.Debug|x64.ActiveCfg = Debug|x64
		{AED0FC5E-9D1E-46FF-B2AC-EA72093EF1F2}.Debug|x64.Build.0 = Debug|x64
		{AED0FC5E-9D1E-46FF-B2AC-EA72093EF1F2}.Debug|x86.ActiveCfg = Debug|Win32
		{AED0FC5E-9D1E-46FF-B2AC-EA72093EF1F2}.Debug|x86.Build.0 = Debug|Win32
		{AED0FC5E-9D1E-46FF-B2AC-EA72093EF1F2}.Release|x64.ActiveCfg = Release|x64
		{AED0FC5E-9D1E-46FF-B2AC-EA72093EF1F2}.Release|x64.Build.0 = Release|x64
		{AED0FC5E-9D1E-46FF-B2AC-EA72093EF1F2}.Release|x86.ActiveCfg = Release|Win32
		{AED0FC5E-9D1E-46FF-B2AC-EA72093EF1F2}.Release|x86.Build.0 = Release|Win32
		{A77DA6BA-3561-49EA-B396-614B45136412}.Debug|x64.ActiveCfg = Debug|x64
		{A77DA6BA-3561-49EA-B396-614B45136412}.Debug|x64.Build.0 = Debug|x64
		{A77DA6BA-3561-49EA-B396-614B45136412}.Debug|x86.ActiveCfg = Debug|Win32
		{A77DA6BA-3561-49EA-B396-614B45136412}.Debug|x86.Build.0 = Debug|Win32
		{A77DA6BA-3561-49EA-B396-614B45136412}.Release|x64.ActiveCfg = Release|x64
		{A77DA6BA-3561-49EA-B396-614B45136412}.Release|x64.Build.0 = Release|x64
		{A77DA6BA-3561-49EA-B396-614B45136412}.Release|x86.ActiveCfg = Release|Win32
		{A77DA6BA-3561-49EA-B396-614B45136412}.Release|x86.Build.0 = Release|Win32
	EndGlobalSection
	GlobalSection(SolutionProperties) = preSolution
		HideSolutionNode = FALSE
	EndGlobalSection
	GlobalSection(ExtensibilityGlobals) = postSolution
		SolutionGuid = {FCB66F88-AE46-4B6E-8CED-665249D0E6BE}
	EndGlobalSection
EndGlobal
