
Microsoft Visual Studio Solution File, Format Version 12.00
# Visual Studio 15
VisualStudioVersion = 15.0.27703.2026
MinimumVisualStudioVersion = 10.0.40219.1
Project("{8BC9CEB8-8B4A-11D0-8D11-00A0C91BC942}") = "WordCount", "WordCount\WordCount.vcxproj", "{5D8A6836-426D-4D99-981F-2E28AF8ED33E}"
EndProject
Global
	GlobalSection(SolutionConfigurationPlatforms) = preSolution
		Debug|x64 = Debug|x64
		Debug|x86 = Debug|x86
		Release|x64 = Release|x64
		Release|x86 = Release|x86
	EndGlobalSection
	GlobalSection(ProjectConfigurationPlatforms) = postSolution
		{5D8A6836-426D-4D99-981F-2E28AF8ED33E}.Debug|x64.ActiveCfg = Debug|x64
		{5D8A6836-426D-4D99-981F-2E28AF8ED33E}.Debug|x64.Build.0 = Debug|x64
		{5D8A6836-426D-4D99-981F-2E28AF8ED33E}.Debug|x86.ActiveCfg = Debug|Win32
		{5D8A6836-426D-4D99-981F-2E28AF8ED33E}.Debug|x86.Build.0 = Debug|Win32
		{5D8A6836-426D-4D99-981F-2E28AF8ED33E}.Release|x64.ActiveCfg = Release|x64
		{5D8A6836-426D-4D99-981F-2E28AF8ED33E}.Release|x64.Build.0 = Release|x64
		{5D8A6836-426D-4D99-981F-2E28AF8ED33E}.Release|x86.ActiveCfg = Release|Win32
		{5D8A6836-426D-4D99-981F-2E28AF8ED33E}.Release|x86.Build.0 = Release|Win32
	EndGlobalSection
	GlobalSection(SolutionProperties) = preSolution
		HideSolutionNode = FALSE
	EndGlobalSection
	GlobalSection(ExtensibilityGlobals) = postSolution
		SolutionGuid = {4113FE4D-3374-4BD1-8E30-D3928875C331}
	EndGlobalSection
EndGlobal
